
Microsoft Visual Studio Solution File, Format Version 12.00
# Visual Studio 15
VisualStudioVersion = 15.0.27703.2026
MinimumVisualStudioVersion = 10.0.40219.1
Project("{9A19103F-16F7-4668-BE54-9A1E7A4F7556}") = "BodoviSMS", "BodoviSMS\BodoviSMS.csproj", "{1C82231D-90E5-43E6-BABC-4116DC115B2D}"
EndProject
Global
	GlobalSection(SolutionConfigurationPlatforms) = preSolution
		Debug|Any CPU = Debug|Any CPU
		Release|Any CPU = Release|Any CPU
	EndGlobalSection
	GlobalSection(ProjectConfigurationPlatforms) = postSolution
		{1C82231D-90E5-43E6-BABC-4116DC115B2D}.Debug|Any CPU.ActiveCfg = Debug|Any CPU
		{1C82231D-90E5-43E6-BABC-4116DC115B2D}.Debug|Any CPU.Build.0 = Debug|Any CPU
		{1C82231D-90E5-43E6-BABC-4116DC115B2D}.Release|Any CPU.ActiveCfg = Release|Any CPU
		{1C82231D-90E5-43E6-BABC-4116DC115B2D}.Release|Any CPU.Build.0 = Release|Any CPU
		{B2776D44-D731-4FF5-A7D7-94986629A323}.Debug|Any CPU.ActiveCfg = Debug|Any CPU
		{B2776D44-D731-4FF5-A7D7-94986629A323}.Debug|Any CPU.Build.0 = Debug|Any CPU
		{B2776D44-D731-4FF5-A7D7-94986629A323}.Release|Any CPU.ActiveCfg = Release|Any CPU
		{B2776D44-D731-4FF5-A7D7-94986629A323}.Release|Any CPU.Build.0 = Release|Any CPU
	EndGlobalSection
	GlobalSection(SolutionProperties) = preSolution
		HideSolutionNode = FALSE
	EndGlobalSection
	GlobalSection(ExtensibilityGlobals) = postSolution
		SolutionGuid = {9CE4ECA1-909D-4B7A-A8D9-03B999B0BEE2}
	EndGlobalSection
EndGlobal
